// !$*UTF8*$!
{
	archiveVersion = 1;
	classes = {
	};
	objectVersion = 46;
	objects = {

/* Begin PBXBuildFile section */
		08C113D2193F8E2C004254AC /* Foundation.framework in Frameworks */ = {isa = PBXBuildFile; fileRef = 08C113D1193F8E2C004254AC /* Foundation.framework */; };
		08C113D4193F8E2C004254AC /* CoreGraphics.framework in Frameworks */ = {isa = PBXBuildFile; fileRef = 08C113D3193F8E2C004254AC /* CoreGraphics.framework */; };
		08C113D6193F8E2C004254AC /* UIKit.framework in Frameworks */ = {isa = PBXBuildFile; fileRef = 08C113D5193F8E2C004254AC /* UIKit.framework */; };
		08C113DC193F8E2C004254AC /* InfoPlist.strings in Resources */ = {isa = PBXBuildFile; fileRef = 08C113DA193F8E2C004254AC /* InfoPlist.strings */; };
		08C113DE193F8E2C004254AC /* main.m in Sources */ = {isa = PBXBuildFile; fileRef = 08C113DD193F8E2C004254AC /* main.m */; };
		08C113E2193F8E2C004254AC /* UFLAppDelegate.m in Sources */ = {isa = PBXBuildFile; fileRef = 08C113E1193F8E2C004254AC /* UFLAppDelegate.m */; };
		08C113E5193F8E2C004254AC /* Main.storyboard in Resources */ = {isa = PBXBuildFile; fileRef = 08C113E3193F8E2C004254AC /* Main.storyboard */; };
		08C113E8193F8E2C004254AC /* UFLViewController.m in Sources */ = {isa = PBXBuildFile; fileRef = 08C113E7193F8E2C004254AC /* UFLViewController.m */; };
		08C113EA193F8E2C004254AC /* Images.xcassets in Resources */ = {isa = PBXBuildFile; fileRef = 08C113E9193F8E2C004254AC /* Images.xcassets */; };
		08C113F1193F8E2C004254AC /* XCTest.framework in Frameworks */ = {isa = PBXBuildFile; fileRef = 08C113F0193F8E2C004254AC /* XCTest.framework */; };
		08C113F2193F8E2C004254AC /* Foundation.framework in Frameworks */ = {isa = PBXBuildFile; fileRef = 08C113D1193F8E2C004254AC /* Foundation.framework */; };
		08C113F3193F8E2C004254AC /* UIKit.framework in Frameworks */ = {isa = PBXBuildFile; fileRef = 08C113D5193F8E2C004254AC /* UIKit.framework */; };
		08C113FB193F8E2C004254AC /* InfoPlist.strings in Resources */ = {isa = PBXBuildFile; fileRef = 08C113F9193F8E2C004254AC /* InfoPlist.strings */; };
		08C113FD193F8E2C004254AC /* Git_TestTests.m in Sources */ = {isa = PBXBuildFile; fileRef = 08C113FC193F8E2C004254AC /* Git_TestTests.m */; };
/* End PBXBuildFile section */

/* Begin PBXContainerItemProxy section */
		08C113F4193F8E2C004254AC /* PBXContainerItemProxy */ = {
			isa = PBXContainerItemProxy;
			containerPortal = 08C113C6193F8E2C004254AC /* Project object */;
			proxyType = 1;
			remoteGlobalIDString = 08C113CD193F8E2C004254AC;
			remoteInfo = "Git Test";
		};
/* End PBXContainerItemProxy section */

/* Begin PBXFileReference section */
		08C113CE193F8E2C004254AC /* Git Test.app */ = {isa = PBXFileReference; explicitFileType = wrapper.application; includeInIndex = 0; path = "Git Test.app"; sourceTree = BUILT_PRODUCTS_DIR; };
		08C113D1193F8E2C004254AC /* Foundation.framework */ = {isa = PBXFileReference; lastKnownFileType = wrapper.framework; name = Foundation.framework; path = System/Library/Frameworks/Foundation.framework; sourceTree = SDKROOT; };
		08C113D3193F8E2C004254AC /* CoreGraphics.framework */ = {isa = PBXFileReference; lastKnownFileType = wrapper.framework; name = CoreGraphics.framework; path = System/Library/Frameworks/CoreGraphics.framework; sourceTree = SDKROOT; };
		08C113D5193F8E2C004254AC /* UIKit.framework */ = {isa = PBXFileReference; lastKnownFileType = wrapper.framework; name = UIKit.framework; path = System/Library/Frameworks/UIKit.framework; sourceTree = SDKROOT; };
		08C113D9193F8E2C004254AC /* Git Test-Info.plist */ = {isa = PBXFileReference; lastKnownFileType = text.plist.xml; path = "Git Test-Info.plist"; sourceTree = "<group>"; };
		08C113DB193F8E2C004254AC /* en */ = {isa = PBXFileReference; lastKnownFileType = text.plist.strings; name = en; path = en.lproj/InfoPlist.strings; sourceTree = "<group>"; };
		08C113DD193F8E2C004254AC /* main.m */ = {isa = PBXFileReference; lastKnownFileType = sourcecode.c.objc; path = main.m; sourceTree = "<group>"; };
		08C113DF193F8E2C004254AC /* Git Test-Prefix.pch */ = {isa = PBXFileReference; lastKnownFileType = sourcecode.c.h; path = "Git Test-Prefix.pch"; sourceTree = "<group>"; };
		08C113E0193F8E2C004254AC /* UFLAppDelegate.h */ = {isa = PBXFileReference; lastKnownFileType = sourcecode.c.h; path = UFLAppDelegate.h; sourceTree = "<group>"; };
		08C113E1193F8E2C004254AC /* UFLAppDelegate.m */ = {isa = PBXFileReference; lastKnownFileType = sourcecode.c.objc; path = UFLAppDelegate.m; sourceTree = "<group>"; };
		08C113E4193F8E2C004254AC /* Base */ = {isa = PBXFileReference; lastKnownFileType = file.storyboard; name = Base; path = Base.lproj/Main.storyboard; sourceTree = "<group>"; };
		08C113E6193F8E2C004254AC /* UFLViewController.h */ = {isa = PBXFileReference; lastKnownFileType = sourcecode.c.h; path = UFLViewController.h; sourceTree = "<group>"; };
		08C113E7193F8E2C004254AC /* UFLViewController.m */ = {isa = PBXFileReference; lastKnownFileType = sourcecode.c.objc; path = UFLViewController.m; sourceTree = "<group>"; };
		08C113E9193F8E2C004254AC /* Images.xcassets */ = {isa = PBXFileReference; lastKnownFileType = folder.assetcatalog; path = Images.xcassets; sourceTree = "<group>"; };
		08C113EF193F8E2C004254AC /* Git TestTests.xctest */ = {isa = PBXFileReference; explicitFileType = wrapper.cfbundle; includeInIndex = 0; path = "Git TestTests.xctest"; sourceTree = BUILT_PRODUCTS_DIR; };
		08C113F0193F8E2C004254AC /* XCTest.framework */ = {isa = PBXFileReference; lastKnownFileType = wrapper.framework; name = XCTest.framework; path = Library/Frameworks/XCTest.framework; sourceTree = DEVELOPER_DIR; };
		08C113F8193F8E2C004254AC /* Git TestTests-Info.plist */ = {isa = PBXFileReference; lastKnownFileType = text.plist.xml; path = "Git TestTests-Info.plist"; sourceTree = "<group>"; };
		08C113FA193F8E2C004254AC /* en */ = {isa = PBXFileReference; lastKnownFileType = text.plist.strings; name = en; path = en.lproj/InfoPlist.strings; sourceTree = "<group>"; };
		08C113FC193F8E2C004254AC /* Git_TestTests.m */ = {isa = PBXFileReference; lastKnownFileType = sourcecode.c.objc; path = Git_TestTests.m; sourceTree = "<group>"; };
/* End PBXFileReference section */

/* Begin PBXFrameworksBuildPhase section */
		08C113CB193F8E2C004254AC /* Frameworks */ = {
			isa = PBXFrameworksBuildPhase;
			buildActionMask = 2147483647;
			files = (
				08C113D4193F8E2C004254AC /* CoreGraphics.framework in Frameworks */,
				08C113D6193F8E2C004254AC /* UIKit.framework in Frameworks */,
				08C113D2193F8E2C004254AC /* Foundation.framework in Frameworks */,
			);
			runOnlyForDeploymentPostprocessing = 0;
		};
		08C113EC193F8E2C004254AC /* Frameworks */ = {
			isa = PBXFrameworksBuildPhase;
			buildActionMask = 2147483647;
			files = (
				08C113F1193F8E2C004254AC /* XCTest.framework in Frameworks */,
				08C113F3193F8E2C004254AC /* UIKit.framework in Frameworks */,
				08C113F2193F8E2C004254AC /* Foundation.framework in Frameworks */,
			);
			runOnlyForDeploymentPostprocessing = 0;
		};
/* End PBXFrameworksBuildPhase section */

/* Begin PBXGroup section */
		08C113C5193F8E2C004254AC = {
			isa = PBXGroup;
			children = (
				08C113D7193F8E2C004254AC /* Git Test */,
				08C113F6193F8E2C004254AC /* Git TestTests */,
				08C113D0193F8E2C004254AC /* Frameworks */,
				08C113CF193F8E2C004254AC /* Products */,
			);
			sourceTree = "<group>";
		};
		08C113CF193F8E2C004254AC /* Products */ = {
			isa = PBXGroup;
			children = (
				08C113CE193F8E2C004254AC /* Git Test.app */,
				08C113EF193F8E2C004254AC /* Git TestTests.xctest */,
			);
			name = Products;
			sourceTree = "<group>";
		};
		08C113D0193F8E2C004254AC /* Frameworks */ = {
			isa = PBXGroup;
			children = (
				08C113D1193F8E2C004254AC /* Foundation.framework */,
				08C113D3193F8E2C004254AC /* CoreGraphics.framework */,
				08C113D5193F8E2C004254AC /* UIKit.framework */,
				08C113F0193F8E2C004254AC /* XCTest.framework */,
			);
			name = Frameworks;
			sourceTree = "<group>";
		};
		08C113D7193F8E2C004254AC /* Git Test */ = {
			isa = PBXGroup;
			children = (
				08C113E0193F8E2C004254AC /* UFLAppDelegate.h */,
				08C113E1193F8E2C004254AC /* UFLAppDelegate.m */,
				08C113E3193F8E2C004254AC /* Main.storyboard */,
				08C113E6193F8E2C004254AC /* UFLViewController.h */,
				08C113E7193F8E2C004254AC /* UFLViewController.m */,
				08C113E9193F8E2C004254AC /* Images.xcassets */,
				08C113D8193F8E2C004254AC /* Supporting Files */,
			);
			path = "Git Test";
			sourceTree = "<group>";
		};
		08C113D8193F8E2C004254AC /* Supporting Files */ = {
			isa = PBXGroup;
			children = (
				08C113D9193F8E2C004254AC /* Git Test-Info.plist */,
				08C113DA193F8E2C004254AC /* InfoPlist.strings */,
				08C113DD193F8E2C004254AC /* main.m */,
				08C113DF193F8E2C004254AC /* Git Test-Prefix.pch */,
			);
			name = "Supporting Files";
			sourceTree = "<group>";
		};
		08C113F6193F8E2C004254AC /* Git TestTests */ = {
			isa = PBXGroup;
			children = (
				08C113FC193F8E2C004254AC /* Git_TestTests.m */,
				08C113F7193F8E2C004254AC /* Supporting Files */,
			);
			path = "Git TestTests";
			sourceTree = "<group>";
		};
		08C113F7193F8E2C004254AC /* Supporting Files */ = {
			isa = PBXGroup;
			children = (
				08C113F8193F8E2C004254AC /* Git TestTests-Info.plist */,
				08C113F9193F8E2C004254AC /* InfoPlist.strings */,
			);
			name = "Supporting Files";
			sourceTree = "<group>";
		};
/* End PBXGroup section */

/* Begin PBXNativeTarget section */
		08C113CD193F8E2C004254AC /* Git Test */ = {
			isa = PBXNativeTarget;
			buildConfigurationList = 08C11400193F8E2C004254AC /* Build configuration list for PBXNativeTarget "Git Test" */;
			buildPhases = (
				08C113CA193F8E2C004254AC /* Sources */,
				08C113CB193F8E2C004254AC /* Frameworks */,
				08C113CC193F8E2C004254AC /* Resources */,
			);
			buildRules = (
			);
			dependencies = (
			);
			name = "Git Test";
			productName = "Git Test";
			productReference = 08C113CE193F8E2C004254AC /* Git Test.app */;
			productType = "com.apple.product-type.application";
		};
		08C113EE193F8E2C004254AC /* Git TestTests */ = {
			isa = PBXNativeTarget;
			buildConfigurationList = 08C11403193F8E2C004254AC /* Build configuration list for PBXNativeTarget "Git TestTests" */;
			buildPhases = (
				08C113EB193F8E2C004254AC /* Sources */,
				08C113EC193F8E2C004254AC /* Frameworks */,
				08C113ED193F8E2C004254AC /* Resources */,
			);
			buildRules = (
			);
			dependencies = (
				08C113F5193F8E2C004254AC /* PBXTargetDependency */,
			);
			name = "Git TestTests";
			productName = "Git TestTests";
			productReference = 08C113EF193F8E2C004254AC /* Git TestTests.xctest */;
			productType = "com.apple.product-type.bundle.unit-test";
		};
/* End PBXNativeTarget section */

/* Begin PBXProject section */
		08C113C6193F8E2C004254AC /* Project object */ = {
			isa = PBXProject;
			attributes = {
				CLASSPREFIX = UFL;
				LastUpgradeCheck = 0510;
				ORGANIZATIONNAME = "Prater, Jacob B";
				TargetAttributes = {
					08C113EE193F8E2C004254AC = {
						TestTargetID = 08C113CD193F8E2C004254AC;
					};
				};
			};
			buildConfigurationList = 08C113C9193F8E2C004254AC /* Build configuration list for PBXProject "Git Test" */;
			compatibilityVersion = "Xcode 3.2";
			developmentRegion = English;
			hasScannedForEncodings = 0;
			knownRegions = (
				en,
				Base,
			);
			mainGroup = 08C113C5193F8E2C004254AC;
			productRefGroup = 08C113CF193F8E2C004254AC /* Products */;
			projectDirPath = "";
			projectRoot = "";
			targets = (
				08C113CD193F8E2C004254AC /* Git Test */,
				08C113EE193F8E2C004254AC /* Git TestTests */,
			);
		};
/* End PBXProject section */

/* Begin PBXResourcesBuildPhase section */
		08C113CC193F8E2C004254AC /* Resources */ = {
			isa = PBXResourcesBuildPhase;
			buildActionMask = 2147483647;
			files = (
				08C113EA193F8E2C004254AC /* Images.xcassets in Resources */,
				08C113DC193F8E2C004254AC /* InfoPlist.strings in Resources */,
				08C113E5193F8E2C004254AC /* Main.storyboard in Resources */,
			);
			runOnlyForDeploymentPostprocessing = 0;
		};
		08C113ED193F8E2C004254AC /* Resources */ = {
			isa = PBXResourcesBuildPhase;
			buildActionMask = 2147483647;
			files = (
				08C113FB193F8E2C004254AC /* InfoPlist.strings in Resources */,
			);
			runOnlyForDeploymentPostprocessing = 0;
		};
/* End PBXResourcesBuildPhase section */

/* Begin PBXSourcesBuildPhase section */
		08C113CA193F8E2C004254AC /* Sources */ = {
			isa = PBXSourcesBuildPhase;
			buildActionMask = 2147483647;
			files = (
				08C113E2193F8E2C004254AC /* UFLAppDelegate.m in Sources */,
				08C113DE193F8E2C004254AC /* main.m in Sources */,
				08C113E8193F8E2C004254AC /* UFLViewController.m in Sources */,
			);
			runOnlyForDeploymentPostprocessing = 0;
		};
		08C113EB193F8E2C004254AC /* Sources */ = {
			isa = PBXSourcesBuildPhase;
			buildActionMask = 2147483647;
			files = (
				08C113FD193F8E2C004254AC /* Git_TestTests.m in Sources */,
			);
			runOnlyForDeploymentPostprocessing = 0;
		};
/* End PBXSourcesBuildPhase section */

/* Begin PBXTargetDependency section */
		08C113F5193F8E2C004254AC /* PBXTargetDependency */ = {
			isa = PBXTargetDependency;
			target = 08C113CD193F8E2C004254AC /* Git Test */;
			targetProxy = 08C113F4193F8E2C004254AC /* PBXContainerItemProxy */;
		};
/* End PBXTargetDependency section */

/* Begin PBXVariantGroup section */
		08C113DA193F8E2C004254AC /* InfoPlist.strings */ = {
			isa = PBXVariantGroup;
			children = (
				08C113DB193F8E2C004254AC /* en */,
			);
			name = InfoPlist.strings;
			sourceTree = "<group>";
		};
		08C113E3193F8E2C004254AC /* Main.storyboard */ = {
			isa = PBXVariantGroup;
			children = (
				08C113E4193F8E2C004254AC /* Base */,
			);
			name = Main.storyboard;
			sourceTree = "<group>";
		};
		08C113F9193F8E2C004254AC /* InfoPlist.strings */ = {
			isa = PBXVariantGroup;
			children = (
				08C113FA193F8E2C004254AC /* en */,
			);
			name = InfoPlist.strings;
			sourceTree = "<group>";
		};
/* End PBXVariantGroup section */

/* Begin XCBuildConfiguration section */
		08C113FE193F8E2C004254AC /* Debug */ = {
			isa = XCBuildConfiguration;
			buildSettings = {
				ALWAYS_SEARCH_USER_PATHS = NO;
				CLANG_CXX_LANGUAGE_STANDARD = "gnu++0x";
				CLANG_CXX_LIBRARY = "libc++";
				CLANG_ENABLE_MODULES = YES;
				CLANG_ENABLE_OBJC_ARC = YES;
				CLANG_WARN_BOOL_CONVERSION = YES;
				CLANG_WARN_CONSTANT_CONVERSION = YES;
				CLANG_WARN_DIRECT_OBJC_ISA_USAGE = YES_ERROR;
				CLANG_WARN_EMPTY_BODY = YES;
				CLANG_WARN_ENUM_CONVERSION = YES;
				CLANG_WARN_INT_CONVERSION = YES;
				CLANG_WARN_OBJC_ROOT_CLASS = YES_ERROR;
				CLANG_WARN__DUPLICATE_METHOD_MATCH = YES;
				"CODE_SIGN_IDENTITY[sdk=iphoneos*]" = "iPhone Developer";
				COPY_PHASE_STRIP = NO;
				GCC_C_LANGUAGE_STANDARD = gnu99;
				GCC_DYNAMIC_NO_PIC = NO;
				GCC_OPTIMIZATION_LEVEL = 0;
				GCC_PREPROCESSOR_DEFINITIONS = (
					"DEBUG=1",
					"$(inherited)",
				);
				GCC_SYMBOLS_PRIVATE_EXTERN = NO;
				GCC_WARN_64_TO_32_BIT_CONVERSION = YES;
				GCC_WARN_ABOUT_RETURN_TYPE = YES_ERROR;
				GCC_WARN_UNDECLARED_SELECTOR = YES;
				GCC_WARN_UNINITIALIZED_AUTOS = YES_AGGRESSIVE;
				GCC_WARN_UNUSED_FUNCTION = YES;
				GCC_WARN_UNUSED_VARIABLE = YES;
				IPHONEOS_DEPLOYMENT_TARGET = 7.1;
				ONLY_ACTIVE_ARCH = YES;
				SDKROOT = iphoneos;
			};
			name = Debug;
		};
		08C113FF193F8E2C004254AC /* Release */ = {
			isa = XCBuildConfiguration;
			buildSettings = {
				ALWAYS_SEARCH_USER_PATHS = NO;
				CLANG_CXX_LANGUAGE_STANDARD = "gnu++0x";
				CLANG_CXX_LIBRARY = "libc++";
				CLANG_ENABLE_MODULES = YES;
				CLANG_ENABLE_OBJC_ARC = YES;
				CLANG_WARN_BOOL_CONVERSION = YES;
				CLANG_WARN_CONSTANT_CONVERSION = YES;
				CLANG_WARN_DIRECT_OBJC_ISA_USAGE = YES_ERROR;
				CLANG_WARN_EMPTY_BODY = YES;
				CLANG_WARN_ENUM_CONVERSION = YES;
				CLANG_WARN_INT_CONVERSION = YES;
				CLANG_WARN_OBJC_ROOT_CLASS = YES_ERROR;
				CLANG_WARN__DUPLICATE_METHOD_MATCH = YES;
				"CODE_SIGN_IDENTITY[sdk=iphoneos*]" = "iPhone Developer";
				COPY_PHASE_STRIP = YES;
				ENABLE_NS_ASSERTIONS = NO;
				GCC_C_LANGUAGE_STANDARD = gnu99;
				GCC_WARN_64_TO_32_BIT_CONVERSION = YES;
				GCC_WARN_ABOUT_RETURN_TYPE = YES_ERROR;
				GCC_WARN_UNDECLARED_SELECTOR = YES;
				GCC_WARN_UNINITIALIZED_AUTOS = YES_AGGRESSIVE;
				GCC_WARN_UNUSED_FUNCTION = YES;
				GCC_WARN_UNUSED_VARIABLE = YES;
				IPHONEOS_DEPLOYMENT_TARGET = 7.1;
				SDKROOT = iphoneos;
				VALIDATE_PRODUCT = YES;
			};
			name = Release;
		};
		08C11401193F8E2C004254AC /* Debug */ = {
			isa = XCBuildConfiguration;
			buildSettings = {
				ASSETCATALOG_COMPILER_APPICON_NAME = AppIcon;
				ASSETCATALOG_COMPILER_LAUNCHIMAGE_NAME = LaunchImage;
				GCC_PRECOMPILE_PREFIX_HEADER = YES;
				GCC_PREFIX_HEADER = "Git Test/Git Test-Prefix.pch";
				INFOPLIST_FILE = "Git Test/Git Test-Info.plist";
				PRODUCT_NAME = "$(TARGET_NAME)";
				WRAPPER_EXTENSION = app;
			};
			name = Debug;
		};
		08C11402193F8E2C004254AC /* Release */ = {
			isa = XCBuildConfiguration;
			buildSettings = {
				ASSETCATALOG_COMPILER_APPICON_NAME = AppIcon;
				ASSETCATALOG_COMPILER_LAUNCHIMAGE_NAME = LaunchImage;
				GCC_PRECOMPILE_PREFIX_HEADER = YES;
				GCC_PREFIX_HEADER = "Git Test/Git Test-Prefix.pch";
				INFOPLIST_FILE = "Git Test/Git Test-Info.plist";
				PRODUCT_NAME = "$(TARGET_NAME)";
				WRAPPER_EXTENSION = app;
			};
			name = Release;
		};
		08C11404193F8E2C004254AC /* Debug */ = {
			isa = XCBuildConfiguration;
			buildSettings = {
				BUNDLE_LOADER = "$(BUILT_PRODUCTS_DIR)/Git Test.app/Git Test";
				FRAMEWORK_SEARCH_PATHS = (
					"$(SDKROOT)/Developer/Library/Frameworks",
					"$(inherited)",
					"$(DEVELOPER_FRAMEWORKS_DIR)",
				);
				GCC_PRECOMPILE_PREFIX_HEADER = YES;
				GCC_PREFIX_HEADER = "Git Test/Git Test-Prefix.pch";
				GCC_PREPROCESSOR_DEFINITIONS = (
					"DEBUG=1",
					"$(inherited)",
				);
				INFOPLIST_FILE = "Git TestTests/Git TestTests-Info.plist";
				PRODUCT_NAME = "$(TARGET_NAME)";
				TEST_HOST = "$(BUNDLE_LOADER)";
				WRAPPER_EXTENSION = xctest;
			};
			name = Debug;
		};
		08C11405193F8E2C004254AC /* Release */ = {
			isa = XCBuildConfiguration;
			buildSettings = {
				BUNDLE_LOADER = "$(BUILT_PRODUCTS_DIR)/Git Test.app/Git Test";
				FRAMEWORK_SEARCH_PATHS = (
					"$(SDKROOT)/Developer/Library/Frameworks",
					"$(inherited)",
					"$(DEVELOPER_FRAMEWORKS_DIR)",
				);
				GCC_PRECOMPILE_PREFIX_HEADER = YES;
				GCC_PREFIX_HEADER = "Git Test/Git Test-Prefix.pch";
				INFOPLIST_FILE = "Git TestTests/Git TestTests-Info.plist";
				PRODUCT_NAME = "$(TARGET_NAME)";
				TEST_HOST = "$(BUNDLE_LOADER)";
				WRAPPER_EXTENSION = xctest;
			};
			name = Release;
		};
/* End XCBuildConfiguration section */

/* Begin XCConfigurationList section */
		08C113C9193F8E2C004254AC /* Build configuration list for PBXProject "Git Test" */ = {
			isa = XCConfigurationList;
			buildConfigurations = (
				08C113FE193F8E2C004254AC /* Debug */,
				08C113FF193F8E2C004254AC /* Release */,
			);
			defaultConfigurationIsVisible = 0;
			defaultConfigurationName = Release;
		};
		08C11400193F8E2C004254AC /* Build configuration list for PBXNativeTarget "Git Test" */ = {
			isa = XCConfigurationList;
			buildConfigurations = (
				08C11401193F8E2C004254AC /* Debug */,
				08C11402193F8E2C004254AC /* Release */,
			);
			defaultConfigurationIsVisible = 0;
		};
		08C11403193F8E2C004254AC /* Build configuration list for PBXNativeTarget "Git TestTests" */ = {
			isa = XCConfigurationList;
			buildConfigurations = (
				08C11404193F8E2C004254AC /* Debug */,
				08C11405193F8E2C004254AC /* Release */,
			);
			defaultConfigurationIsVisible = 0;
		};
/* End XCConfigurationList section */
	};
	rootObject = 08C113C6193F8E2C004254AC /* Project object */;
}
